{
  "version": 4,
  "terraform_version": "1.3.9",
  "serial": 67,
  "lineage": "4addff36-45d2-ea81-462f-e4fd80866848",
  "outputs": {
    "db1_datashack_output": {
      "value": {
        "database_location_uri": "s3://tables-bucket/db1",
        "database_name": "dev-db1"
      },
      "type": [
        "object",
        {
          "database_location_uri": "string",
          "database_name": "string"
        }
      ]
    },
    "kinesis_job_db1_users_datashack_output": {
      "value": {
        "database_name": "dev-db1",
        "kinesis_arn": "arn:aws:kinesis:us-east-1:641972543728:stream/dev-db1_users",
        "kinesis_name": "dev-db1_users",
        "table_name": "dev-users"
      },
      "type": [
        "object",
        {
          "database_name": "string",
          "kinesis_arn": "string",
          "kinesis_name": "string",
          "table_name": "string"
        }
      ]
    },
    "kinesis_job_db1_users_events_datashack_output": {
      "value": {
        "database_name": "dev-db1",
        "kinesis_arn": "arn:aws:kinesis:us-east-1:641972543728:stream/dev-db1_users_events",
        "kinesis_name": "dev-db1_users_events",
        "table_name": "dev-users_events"
      },
      "type": [
        "object",
        {
          "database_name": "string",
          "kinesis_arn": "string",
          "kinesis_name": "string",
          "table_name": "string"
        }
      ]
    }
  },
  "resources": [
    {
      "mode": "data",
      "type": "aws_caller_identity",
      "name": "me",
      "provider": "provider[\"registry.terraform.io/hashicorp/aws\"]",
      "instances": [
        {
          "schema_version": 0,
          "attributes": {
            "account_id": "641972543728",
            "arn": "arn:aws:iam::641972543728:user/moshe.roth",
            "id": "641972543728",
            "user_id": "AIDAZK6ELUDYDZPPS5CMG"
          },
          "sensitive_attributes": []
        }
      ]
    },
    {
      "mode": "managed",
      "type": "aws_glue_catalog_database",
      "name": "GlueCatalogDatabase_db1",
      "provider": "provider[\"registry.terraform.io/hashicorp/aws\"]",
      "instances": [
        {
          "schema_version": 0,
          "attributes": {
            "arn": "arn:aws:glue:us-east-1:641972543728:database/dev-db1",
            "catalog_id": "641972543728",
            "create_table_default_permission": [
              {
                "permissions": [
                  "ALL"
                ],
                "principal": [
                  {
                    "data_lake_principal_identifier": "IAM_ALLOWED_PRINCIPALS"
                  }
                ]
              }
            ],
            "description": "",
            "id": "641972543728:dev-db1",
            "location_uri": "s3://tables-bucket/db1",
            "name": "dev-db1",
            "parameters": null,
            "target_database": []
          },
          "sensitive_attributes": [],
          "private": "bnVsbA=="
        }
      ]
    },
    {
      "mode": "managed",
      "type": "aws_glue_catalog_table",
      "name": "GlueCatalogTable_kinesis_job_db1_users",
      "provider": "provider[\"registry.terraform.io/hashicorp/aws\"]",
      "instances": [
        {
          "schema_version": 0,
          "attributes": {
            "arn": "arn:aws:glue:us-east-1:641972543728:table/dev-db1/dev-users",
            "catalog_id": "641972543728",
            "database_name": "dev-db1",
            "description": "",
            "id": "641972543728:dev-db1:dev-users",
            "name": "dev-users",
            "owner": "",
            "parameters": {
              "EXTERNAL": "TRUE",
              "parquet.compression": "SNAPPY",
              "useGlueParquetWriter": "TRUE"
            },
            "partition_index": null,
            "partition_keys": [],
            "retention": 0,
            "storage_descriptor": [
              {
                "bucket_columns": null,
                "columns": [
                  {
                    "comment": "",
                    "name": "id",
                    "parameters": null,
                    "type": "string"
                  },
                  {
                    "comment": "",
                    "name": "age",
                    "parameters": null,
                    "type": "int"
                  },
                  {
                    "comment": "",
                    "name": "name",
                    "parameters": null,
                    "type": "string"
                  }
                ],
                "compressed": false,
                "input_format": "org.apache.hadoop.hive.ql.io.parquet.MapredParquetInputFormat",
                "location": "s3://tables-bucket/db1/users",
                "number_of_buckets": 0,
                "output_format": "org.apache.hadoop.hive.ql.io.parquet.MapredParquetOutputFormat",
                "parameters": null,
                "schema_reference": [],
                "ser_de_info": [
                  {
                    "name": "my-stream",
                    "parameters": {
                      "serialization.format": "1"
                    },
                    "serialization_library": "org.apache.hadoop.hive.ql.io.parquet.serde.ParquetHiveSerDe"
                  }
                ],
                "skewed_info": [],
                "sort_columns": [],
                "stored_as_sub_directories": false
              }
            ],
            "table_type": "EXTERNAL_TABLE",
            "target_table": [],
            "view_expanded_text": "",
            "view_original_text": ""
          },
          "sensitive_attributes": [],
          "private": "bnVsbA==",
          "dependencies": [
            "aws_glue_catalog_database.GlueCatalogDatabase_db1"
          ]
        }
      ]
    },
    {
      "mode": "managed",
      "type": "aws_glue_catalog_table",
      "name": "GlueCatalogTable_kinesis_job_db1_users_events",
      "provider": "provider[\"registry.terraform.io/hashicorp/aws\"]",
      "instances": [
        {
          "schema_version": 0,
          "attributes": {
            "arn": "arn:aws:glue:us-east-1:641972543728:table/dev-db1/dev-users_events",
            "catalog_id": "641972543728",
            "database_name": "dev-db1",
            "description": "",
            "id": "641972543728:dev-db1:dev-users_events",
            "name": "dev-users_events",
            "owner": "",
            "parameters": {
              "EXTERNAL": "TRUE",
              "parquet.compression": "SNAPPY",
              "useGlueParquetWriter": "TRUE"
            },
            "partition_index": null,
            "partition_keys": [
              {
                "comment": "",
                "name": "c3",
                "type": "string"
              },
              {
                "comment": "",
                "name": "c5",
                "type": "double"
              }
            ],
            "retention": 0,
            "storage_descriptor": [
              {
                "bucket_columns": null,
                "columns": [
                  {
                    "comment": "",
                    "name": "c1",
                    "parameters": null,
                    "type": "string"
                  },
                  {
                    "comment": "",
                    "name": "c2",
                    "parameters": null,
                    "type": "int"
                  },
                  {
                    "comment": "",
                    "name": "c4",
                    "parameters": null,
                    "type": "string"
                  }
                ],
                "compressed": false,
                "input_format": "org.apache.hadoop.hive.ql.io.parquet.MapredParquetInputFormat",
                "location": "s3://tables-bucket/db1/users_events",
                "number_of_buckets": 0,
                "output_format": "org.apache.hadoop.hive.ql.io.parquet.MapredParquetOutputFormat",
                "parameters": null,
                "schema_reference": [],
                "ser_de_info": [
                  {
                    "name": "my-stream",
                    "parameters": {
                      "serialization.format": "1"
                    },
                    "serialization_library": "org.apache.hadoop.hive.ql.io.parquet.serde.ParquetHiveSerDe"
                  }
                ],
                "skewed_info": [],
                "sort_columns": [],
                "stored_as_sub_directories": false
              }
            ],
            "table_type": "EXTERNAL_TABLE",
            "target_table": [],
            "view_expanded_text": "",
            "view_original_text": ""
          },
          "sensitive_attributes": [],
          "private": "bnVsbA==",
          "dependencies": [
            "aws_glue_catalog_database.GlueCatalogDatabase_db1"
          ]
        }
      ]
    },
    {
      "mode": "managed",
      "type": "aws_glue_job",
      "name": "GlueJob_kinesis_job_db1_users",
      "provider": "provider[\"registry.terraform.io/hashicorp/aws\"]",
      "instances": [
        {
          "schema_version": 0,
          "attributes": {
            "arn": "arn:aws:glue:us-east-1:641972543728:job/dev-kinesis_stream_into_db1_users",
            "command": [
              {
                "name": "gluestreaming",
                "python_version": "3",
                "script_location": "s3://terraform-20230305085350041400000001/kinessis_stream_db1_users.py"
              }
            ],
            "connections": null,
            "default_arguments": {
              "--TempDir": "s3://terraform-20230305085350041400000001/temporary/",
              "--enable-continuous-cloudwatch-log": "true",
              "--enable-glue-datacatalog": "true",
              "--enable-job-insights": "false",
              "--enable-metrics": "true",
              "--enable-spark-ui": "true",
              "--job-bookmark-option": "job-bookmark-disable",
              "--job-language": "python",
              "--spark-event-logs-path": "s3://terraform-20230305085350041400000001/sparkHistoryLogs/"
            },
            "description": "",
            "execution_class": "STANDARD",
            "execution_property": [
              {
                "max_concurrent_runs": 1
              }
            ],
            "glue_version": "3.0",
            "id": "dev-kinesis_stream_into_db1_users",
            "max_capacity": 0.5,
            "max_retries": 0,
            "name": "dev-kinesis_stream_into_db1_users",
            "non_overridable_arguments": null,
            "notification_property": [],
            "number_of_workers": 2,
            "role_arn": "arn:aws:iam::641972543728:role/kinesis_stream_into_db1_users-role",
            "security_configuration": "",
            "tags": null,
            "tags_all": {},
            "timeout": 0,
            "worker_type": "G.025X"
          },
          "sensitive_attributes": [],
          "private": "bnVsbA==",
          "dependencies": [
            "aws_glue_catalog_database.GlueCatalogDatabase_db1",
            "aws_glue_catalog_table.GlueCatalogTable_kinesis_job_db1_users",
            "aws_iam_role.dev-kinesis_stream_into_db1_users-role",
            "aws_kinesis_stream.KinesisStream_kinesis_job_db1_users",
            "aws_s3_bucket.dev-glue-assets",
            "aws_s3_bucket_object.S3BucketObject_kinesis_job_db1_users"
          ]
        }
      ]
    },
    {
      "mode": "managed",
      "type": "aws_glue_job",
      "name": "GlueJob_kinesis_job_db1_users_events",
      "provider": "provider[\"registry.terraform.io/hashicorp/aws\"]",
      "instances": [
        {
          "schema_version": 0,
          "attributes": {
            "arn": "arn:aws:glue:us-east-1:641972543728:job/dev-kinesis_stream_into_db1_users_events",
            "command": [
              {
                "name": "gluestreaming",
                "python_version": "3",
                "script_location": "s3://terraform-20230305085350041400000001/kinessis_stream_db1_users_events.py"
              }
            ],
            "connections": null,
            "default_arguments": {
              "--TempDir": "s3://terraform-20230305085350041400000001/temporary/",
              "--enable-continuous-cloudwatch-log": "true",
              "--enable-glue-datacatalog": "true",
              "--enable-job-insights": "false",
              "--enable-metrics": "true",
              "--enable-spark-ui": "true",
              "--job-bookmark-option": "job-bookmark-disable",
              "--job-language": "python",
              "--spark-event-logs-path": "s3://terraform-20230305085350041400000001/sparkHistoryLogs/"
            },
            "description": "",
            "execution_class": "STANDARD",
            "execution_property": [
              {
                "max_concurrent_runs": 1
              }
            ],
            "glue_version": "3.0",
            "id": "dev-kinesis_stream_into_db1_users_events",
            "max_capacity": 0.5,
            "max_retries": 0,
            "name": "dev-kinesis_stream_into_db1_users_events",
            "non_overridable_arguments": null,
            "notification_property": [],
            "number_of_workers": 2,
            "role_arn": "arn:aws:iam::641972543728:role/kinesis_stream_into_db1_users_events-role",
            "security_configuration": "",
            "tags": null,
            "tags_all": {},
            "timeout": 0,
            "worker_type": "G.025X"
          },
          "sensitive_attributes": [],
          "private": "bnVsbA==",
          "dependencies": [
            "aws_glue_catalog_database.GlueCatalogDatabase_db1",
            "aws_glue_catalog_table.GlueCatalogTable_kinesis_job_db1_users_events",
            "aws_iam_role.dev-kinesis_stream_into_db1_users_events-role",
            "aws_kinesis_stream.KinesisStream_kinesis_job_db1_users_events",
            "aws_s3_bucket.dev-glue-assets",
            "aws_s3_bucket_object.S3BucketObject_kinesis_job_db1_users_events"
          ]
        }
      ]
    },
    {
      "mode": "managed",
      "type": "aws_iam_role",
      "name": "dev-kinesis_stream_into_db1_users-role",
      "provider": "provider[\"registry.terraform.io/hashicorp/aws\"]",
      "instances": [
        {
          "schema_version": 0,
          "attributes": {
            "arn": "arn:aws:iam::641972543728:role/kinesis_stream_into_db1_users-role",
            "assume_role_policy": "{\"Statement\":[{\"Action\":\"sts:AssumeRole\",\"Effect\":\"Allow\",\"Principal\":{\"Service\":\"glue.amazonaws.com\"},\"Sid\":\"\"}],\"Version\":\"2012-10-17\"}",
            "create_date": "2023-03-05T08:53:50Z",
            "description": "Role for Glue stream kinesis_stream_into_db1_users",
            "force_detach_policies": false,
            "id": "kinesis_stream_into_db1_users-role",
            "inline_policy": [
              {
                "name": "inline-policy-1",
                "policy": "{\"Version\":\"2012-10-17\",\"Statement\":[{\"Action\":[\"s3:*\",\"glue:*\",\"kinesis:*\",\"logs:*\",\"cloudwatch:*\"],\"Effect\":\"Allow\",\"Resource\":[\"*\"]}]}"
              }
            ],
            "managed_policy_arns": [],
            "max_session_duration": 3600,
            "name": "kinesis_stream_into_db1_users-role",
            "name_prefix": "",
            "path": "/",
            "permissions_boundary": null,
            "tags": null,
            "tags_all": {},
            "unique_id": "AROAZK6ELUDYKTITCIDL3"
          },
          "sensitive_attributes": [],
          "private": "bnVsbA=="
        }
      ]
    },
    {
      "mode": "managed",
      "type": "aws_iam_role",
      "name": "dev-kinesis_stream_into_db1_users_events-role",
      "provider": "provider[\"registry.terraform.io/hashicorp/aws\"]",
      "instances": [
        {
          "schema_version": 0,
          "attributes": {
            "arn": "arn:aws:iam::641972543728:role/kinesis_stream_into_db1_users_events-role",
            "assume_role_policy": "{\"Statement\":[{\"Action\":\"sts:AssumeRole\",\"Effect\":\"Allow\",\"Principal\":{\"Service\":\"glue.amazonaws.com\"},\"Sid\":\"\"}],\"Version\":\"2012-10-17\"}",
            "create_date": "2023-03-05T08:53:50Z",
            "description": "Role for Glue stream kinesis_stream_into_db1_users_events",
            "force_detach_policies": false,
            "id": "kinesis_stream_into_db1_users_events-role",
            "inline_policy": [
              {
                "name": "inline-policy-1",
                "policy": "{\"Version\":\"2012-10-17\",\"Statement\":[{\"Action\":[\"s3:*\",\"glue:*\",\"kinesis:*\",\"logs:*\",\"cloudwatch:*\"],\"Effect\":\"Allow\",\"Resource\":[\"*\"]}]}"
              }
            ],
            "managed_policy_arns": [],
            "max_session_duration": 3600,
            "name": "kinesis_stream_into_db1_users_events-role",
            "name_prefix": "",
            "path": "/",
            "permissions_boundary": null,
            "tags": null,
            "tags_all": {},
            "unique_id": "AROAZK6ELUDYD4RZPWZGL"
          },
          "sensitive_attributes": [],
          "private": "bnVsbA=="
        }
      ]
    },
    {
      "mode": "managed",
      "type": "aws_kinesis_stream",
      "name": "KinesisStream_kinesis_job_db1_users",
      "provider": "provider[\"registry.terraform.io/hashicorp/aws\"]",
      "instances": [
        {
          "schema_version": 1,
          "attributes": {
            "arn": "arn:aws:kinesis:us-east-1:641972543728:stream/dev-db1_users",
            "encryption_type": "NONE",
            "enforce_consumer_deletion": false,
            "id": "arn:aws:kinesis:us-east-1:641972543728:stream/dev-db1_users",
            "kms_key_id": "",
            "name": "dev-db1_users",
            "retention_period": 24,
            "shard_count": 1,
            "shard_level_metrics": null,
            "stream_mode_details": [
              {
                "stream_mode": "PROVISIONED"
              }
            ],
            "tags": null,
            "tags_all": {},
            "timeouts": null
          },
          "sensitive_attributes": [],
          "private": "eyJlMmJmYjczMC1lY2FhLTExZTYtOGY4OC0zNDM2M2JjN2M0YzAiOnsiY3JlYXRlIjozMDAwMDAwMDAwMDAsImRlbGV0ZSI6NzIwMDAwMDAwMDAwMCwidXBkYXRlIjo3MjAwMDAwMDAwMDAwfSwic2NoZW1hX3ZlcnNpb24iOiIxIn0="
        }
      ]
    },
    {
      "mode": "managed",
      "type": "aws_kinesis_stream",
      "name": "KinesisStream_kinesis_job_db1_users_events",
      "provider": "provider[\"registry.terraform.io/hashicorp/aws\"]",
      "instances": [
        {
          "schema_version": 1,
          "attributes": {
            "arn": "arn:aws:kinesis:us-east-1:641972543728:stream/dev-db1_users_events",
            "encryption_type": "NONE",
            "enforce_consumer_deletion": false,
            "id": "arn:aws:kinesis:us-east-1:641972543728:stream/dev-db1_users_events",
            "kms_key_id": "",
            "name": "dev-db1_users_events",
            "retention_period": 24,
            "shard_count": 1,
            "shard_level_metrics": null,
            "stream_mode_details": [
              {
                "stream_mode": "PROVISIONED"
              }
            ],
            "tags": null,
            "tags_all": {},
            "timeouts": null
          },
          "sensitive_attributes": [],
          "private": "eyJlMmJmYjczMC1lY2FhLTExZTYtOGY4OC0zNDM2M2JjN2M0YzAiOnsiY3JlYXRlIjozMDAwMDAwMDAwMDAsImRlbGV0ZSI6NzIwMDAwMDAwMDAwMCwidXBkYXRlIjo3MjAwMDAwMDAwMDAwfSwic2NoZW1hX3ZlcnNpb24iOiIxIn0="
        }
      ]
    },
    {
      "mode": "managed",
      "type": "aws_s3_bucket",
      "name": "dev-glue-assets",
      "provider": "provider[\"registry.terraform.io/hashicorp/aws\"]",
      "instances": [
        {
          "schema_version": 0,
          "attributes": {
            "acceleration_status": "",
            "acl": null,
            "arn": "arn:aws:s3:::terraform-20230305085350041400000001",
            "bucket": "terraform-20230305085350041400000001",
            "bucket_domain_name": "terraform-20230305085350041400000001.s3.amazonaws.com",
            "bucket_prefix": null,
            "bucket_regional_domain_name": "terraform-20230305085350041400000001.s3.amazonaws.com",
            "cors_rule": [],
            "force_destroy": false,
            "grant": [
              {
                "id": "2121b8dfa6352310051500ef388615d1d92ad85ebddfdf2ef65b625af282ea72",
                "permissions": [
                  "FULL_CONTROL"
                ],
                "type": "CanonicalUser",
                "uri": ""
              }
            ],
            "hosted_zone_id": "Z3AQBSTGFYJSTF",
            "id": "terraform-20230305085350041400000001",
            "lifecycle_rule": [],
            "logging": [],
            "object_lock_configuration": [],
            "object_lock_enabled": false,
            "policy": "",
            "region": "us-east-1",
            "replication_configuration": [],
            "request_payer": "BucketOwner",
            "server_side_encryption_configuration": [
              {
                "rule": [
                  {
                    "apply_server_side_encryption_by_default": [
                      {
                        "kms_master_key_id": "",
                        "sse_algorithm": "AES256"
                      }
                    ],
                    "bucket_key_enabled": false
                  }
                ]
              }
            ],
            "tags": null,
            "tags_all": {},
            "timeouts": null,
            "versioning": [
              {
                "enabled": false,
                "mfa_delete": false
              }
            ],
            "website": [],
            "website_domain": null,
            "website_endpoint": null
          },
          "sensitive_attributes": [],
          "private": "eyJlMmJmYjczMC1lY2FhLTExZTYtOGY4OC0zNDM2M2JjN2M0YzAiOnsiY3JlYXRlIjoxMjAwMDAwMDAwMDAwLCJkZWxldGUiOjM2MDAwMDAwMDAwMDAsInJlYWQiOjEyMDAwMDAwMDAwMDAsInVwZGF0ZSI6MTIwMDAwMDAwMDAwMH19"
        }
      ]
    },
    {
      "mode": "managed",
      "type": "aws_s3_bucket_object",
      "name": "S3BucketObject_kinesis_job_db1_users",
      "provider": "provider[\"registry.terraform.io/hashicorp/aws\"]",
      "instances": [
        {
          "schema_version": 0,
          "attributes": {
            "acl": "private",
            "bucket": "terraform-20230305085350041400000001",
            "bucket_key_enabled": false,
            "cache_control": "",
            "content": "import sys\nfrom awsglue.transforms import *\nfrom awsglue.utils import getResolvedOptions\nfrom pyspark.context import SparkContext\nfrom awsglue.context import GlueContext\nfrom awsglue.job import Job\n\nfrom pyspark.sql import DataFrame, Row\nimport datetime\nfrom awsglue import DynamicFrame\n\nargs = getResolvedOptions(sys.argv, [\"JOB_NAME\"])\nsc = SparkContext()\nglueContext = GlueContext(sc)\nspark = glueContext.spark_session\njob = Job(glueContext)\njob.init(args[\"JOB_NAME\"], args)\n\n# Script generated for node Amazon Kinesis\ndataframe_AmazonKinesis_node1673537011068 = glueContext.create_data_frame.from_options(\n    connection_type=\"kinesis\",\n    connection_options={\n        \"typeOfData\": \"kinesis\",\n        \"streamARN\": \"arn:aws:kinesis:us-east-1:641972543728:stream/dev-db1_users\",\n        \"classification\": \"json\",\n        \"startingPosition\": \"earliest\",\n        \"inferSchema\": \"true\",\n    },\n    transformation_ctx=\"dataframe_AmazonKinesis_node1673537011068\",\n)\n\n\ndef processBatch(data_frame, batchId):\n    if data_frame.count() \u003e 0:\n        AmazonKinesis_node1673537011068 = DynamicFrame.fromDF(\n            data_frame, glueContext, \"from_data_frame\"\n        )\n        # Script generated for node Amazon S3\n        AmazonS3_node1673537047632 = glueContext.write_dynamic_frame.from_catalog(\n            frame=AmazonKinesis_node1673537011068,\n            database=\"dev-db1\",\n            table_name=\"dev-users\",\n            additional_options={\n                \"enableUpdateCatalog\": True,\n                \"partitionKeys\": []\n            },\n            transformation_ctx=\"write_sink\"\n        )\n\n\nglueContext.forEachBatch(\n    frame=dataframe_AmazonKinesis_node1673537011068,\n    batch_function=processBatch,\n    options={\n        \"windowSize\": \"100 seconds\",\n        \"checkpointLocation\": args[\"TempDir\"] + \"/\" + args[\"JOB_NAME\"] + \"/checkpoint/\",\n    },\n)\njob.commit()\n",
            "content_base64": null,
            "content_disposition": "",
            "content_encoding": "",
            "content_language": "",
            "content_type": "binary/octet-stream",
            "etag": "fbb5114d10e625cf0f44cf255d0818cc",
            "force_destroy": false,
            "id": "kinessis_stream_db1_users.py",
            "key": "kinessis_stream_db1_users.py",
            "kms_key_id": null,
            "metadata": null,
            "object_lock_legal_hold_status": "",
            "object_lock_mode": "",
            "object_lock_retain_until_date": "",
            "server_side_encryption": "AES256",
            "source": null,
            "source_hash": null,
            "storage_class": "STANDARD",
            "tags": null,
            "tags_all": {},
            "version_id": "",
            "website_redirect": ""
          },
          "sensitive_attributes": [],
          "private": "bnVsbA==",
          "dependencies": [
            "aws_glue_catalog_database.GlueCatalogDatabase_db1",
            "aws_glue_catalog_table.GlueCatalogTable_kinesis_job_db1_users",
            "aws_kinesis_stream.KinesisStream_kinesis_job_db1_users",
            "aws_s3_bucket.dev-glue-assets"
          ]
        }
      ]
    },
    {
      "mode": "managed",
      "type": "aws_s3_bucket_object",
      "name": "S3BucketObject_kinesis_job_db1_users_events",
      "provider": "provider[\"registry.terraform.io/hashicorp/aws\"]",
      "instances": [
        {
          "schema_version": 0,
          "attributes": {
            "acl": "private",
            "bucket": "terraform-20230305085350041400000001",
            "bucket_key_enabled": false,
            "cache_control": "",
            "content": "import sys\nfrom awsglue.transforms import *\nfrom awsglue.utils import getResolvedOptions\nfrom pyspark.context import SparkContext\nfrom awsglue.context import GlueContext\nfrom awsglue.job import Job\n\nfrom pyspark.sql import DataFrame, Row\nimport datetime\nfrom awsglue import DynamicFrame\n\nargs = getResolvedOptions(sys.argv, [\"JOB_NAME\"])\nsc = SparkContext()\nglueContext = GlueContext(sc)\nspark = glueContext.spark_session\njob = Job(glueContext)\njob.init(args[\"JOB_NAME\"], args)\n\n# Script generated for node Amazon Kinesis\ndataframe_AmazonKinesis_node1673537011068 = glueContext.create_data_frame.from_options(\n    connection_type=\"kinesis\",\n    connection_options={\n        \"typeOfData\": \"kinesis\",\n        \"streamARN\": \"arn:aws:kinesis:us-east-1:641972543728:stream/dev-db1_users_events\",\n        \"classification\": \"json\",\n        \"startingPosition\": \"earliest\",\n        \"inferSchema\": \"true\",\n    },\n    transformation_ctx=\"dataframe_AmazonKinesis_node1673537011068\",\n)\n\n\ndef processBatch(data_frame, batchId):\n    if data_frame.count() \u003e 0:\n        AmazonKinesis_node1673537011068 = DynamicFrame.fromDF(\n            data_frame, glueContext, \"from_data_frame\"\n        )\n        # Script generated for node Amazon S3\n        AmazonS3_node1673537047632 = glueContext.write_dynamic_frame.from_catalog(\n            frame=AmazonKinesis_node1673537011068,\n            database=\"dev-db1\",\n            table_name=\"dev-users_events\",\n            additional_options={\n                \"enableUpdateCatalog\": True,\n                \"partitionKeys\": [\"c3\",\"c5\"]\n            },\n            transformation_ctx=\"write_sink\"\n        )\n\n\nglueContext.forEachBatch(\n    frame=dataframe_AmazonKinesis_node1673537011068,\n    batch_function=processBatch,\n    options={\n        \"windowSize\": \"100 seconds\",\n        \"checkpointLocation\": args[\"TempDir\"] + \"/\" + args[\"JOB_NAME\"] + \"/checkpoint/\",\n    },\n)\njob.commit()\n",
            "content_base64": null,
            "content_disposition": "",
            "content_encoding": "",
            "content_language": "",
            "content_type": "binary/octet-stream",
            "etag": "39456abd70dac8e52d2f0afa97f836a3",
            "force_destroy": false,
            "id": "kinessis_stream_db1_users_events.py",
            "key": "kinessis_stream_db1_users_events.py",
            "kms_key_id": null,
            "metadata": null,
            "object_lock_legal_hold_status": "",
            "object_lock_mode": "",
            "object_lock_retain_until_date": "",
            "server_side_encryption": "AES256",
            "source": null,
            "source_hash": null,
            "storage_class": "STANDARD",
            "tags": null,
            "tags_all": {},
            "version_id": "",
            "website_redirect": ""
          },
          "sensitive_attributes": [],
          "private": "bnVsbA==",
          "dependencies": [
            "aws_glue_catalog_database.GlueCatalogDatabase_db1",
            "aws_glue_catalog_table.GlueCatalogTable_kinesis_job_db1_users_events",
            "aws_kinesis_stream.KinesisStream_kinesis_job_db1_users_events",
            "aws_s3_bucket.dev-glue-assets"
          ]
        }
      ]
    }
  ],
  "check_results": null
}
